
Microsoft Visual Studio Solution File, Format Version 12.00
# Visual Studio 15
VisualStudioVersion = 15.0.27130.2024
MinimumVisualStudioVersion = 10.0.40219.1
Project("{FAE04EC0-301F-11D3-BF4B-00C04F79EFBC}") = "HotDogs.Core.Android", "HotDogs.Core\HotDogs.Core.Android\HotDogs.Core.Android.csproj", "{4F536E60-2C31-4EF9-8AC2-DF1AC11C6C6B}"
EndProject
Project("{FAE04EC0-301F-11D3-BF4B-00C04F79EFBC}") = "HotDogs.Core", "HotDogs.Core\HotDogs.Core\HotDogs.Core.csproj", "{4724ADF0-D7A5-4F91-AB61-8604C863D348}"
EndProject
Global
	GlobalSection(SolutionConfigurationPlatforms) = preSolution
		Debug|Any CPU = Debug|Any CPU
		Release|Any CPU = Release|Any CPU
	EndGlobalSection
	GlobalSection(ProjectConfigurationPlatforms) = postSolution
		{4F536E60-2C31-4EF9-8AC2-DF1AC11C6C6B}.Debug|Any CPU.ActiveCfg = Debug|Any CPU
		{4F536E60-2C31-4EF9-8AC2-DF1AC11C6C6B}.Debug|Any CPU.Build.0 = Debug|Any CPU
		{4F536E60-2C31-4EF9-8AC2-DF1AC11C6C6B}.Debug|Any CPU.Deploy.0 = Debug|Any CPU
		{4F536E60-2C31-4EF9-8AC2-DF1AC11C6C6B}.Release|Any CPU.ActiveCfg = Release|Any CPU
		{4F536E60-2C31-4EF9-8AC2-DF1AC11C6C6B}.Release|Any CPU.Build.0 = Release|Any CPU
		{4F536E60-2C31-4EF9-8AC2-DF1AC11C6C6B}.Release|Any CPU.Deploy.0 = Release|Any CPU
		{4724ADF0-D7A5-4F91-AB61-8604C863D348}.Debug|Any CPU.ActiveCfg = Debug|Any CPU
		{4724ADF0-D7A5-4F91-AB61-8604C863D348}.Debug|Any CPU.Build.0 = Debug|Any CPU
		{4724ADF0-D7A5-4F91-AB61-8604C863D348}.Release|Any CPU.ActiveCfg = Release|Any CPU
		{4724ADF0-D7A5-4F91-AB61-8604C863D348}.Release|Any CPU.Build.0 = Release|Any CPU
	EndGlobalSection
	GlobalSection(SolutionProperties) = preSolution
		HideSolutionNode = FALSE
	EndGlobalSection
	GlobalSection(ExtensibilityGlobals) = postSolution
		SolutionGuid = {3EB00AC9-B6D6-4355-A84F-91C2A6145991}
	EndGlobalSection
EndGlobal
